github.com/davecgh/go-spew v1.1.1 h1:vj9j/u1bqnvCEfJOwUhtlOARqs3+rkHYY13jYWTU97c=
github.com/davecgh/go-spew v1.1.1/go.mod h1:J7Y8YcW2NihsgmVo/mv3lAwl/skON4iLHjSsI+c5H38=
github.com/pkg/errors v0.9.1 h1:FEBLx1zS214owpjy7qsBeixbURkuhQAwrK5UwLGTwt4=
github.com/pkg/errors v0.9.1/go.mod h1:bwawxfHBFNV+L2hUp1rHADufV3IMtnDRdf1r5NINEl0=
github.com/pmezard/go-difflib v1.0.0 h1:4DBwDE0NGyQoBHbLQYPwSUPoCMWR5BEzIk/f1lZbAQM=
github.com/pmezard/go-difflib v1.0.0/go.mod h1:iKH77koFhYxTK1pcRnkKkqfTogsbg7gZNVY4sRDYZ/4=
github.com/stretchr/testify v1.8.4 h1:CcVxjf3Q8PM0mHUKJCdn+eZZtm5yQwehR5yeSVQQcUk=
github.com/stretchr/testify v1.8.4/go.mod h1:sz/lmYIOXD/1dqDmKjjqLyZ2RngseejIcXlSw2iwfAo=
github.com/velmie/broker v0.8.1 h1:JnVru4Ep5ujo6atkeXOKN2/LIVge/CtGtJJcF++iRuU=
github.com/velmie/broker v0.8.1/go.mod h1:SS2XA9nsUaDeLYN8Z51lrZc0WFsY8m5cYWhCUblKZ40=
github.com/velmie/idempo v0.1.0 h1:CWU4VkrubaPp3Mt9/X9G+IrCsnfojeuRQjJJCeqv05Y=
github.com/velmie/idempo v0.1.0/go.mod h1:EeyAJjG5lsOthKrfehCg43oK71zNmSUcN1EVoSzq9qY=
go.uber.org/mock v0.3.0 h1:3mUxI1No2/60yUYax92Pt8eNOEecx2D3lcXZh2NEZJo=
go.uber.org/mock v0.3.0/go.mod h1:a6FSlNadKUHUa9IP5Vyt1zh4fC7uAwxMutEAscFbkZc=
gopkg.in/yaml.v3 v3.0.1 h1:fxVm/GzAzEWqLHuvctI91KS9hhNmmWOoWu0XTYJS7CA=
gopkg.in/yaml.v3 v3.0.1/go.mod h1:K4uyk7z7BCEPqu6E+C64Yfv1cQ7kz7rIZviUmN+EgEM=
